
Microsoft Visual Studio Solution File, Format Version 12.00
# Visual Studio Version 16
VisualStudioVersion = 16.0.30709.132
MinimumVisualStudioVersion = 10.0.40219.1
Project("{FAE04EC0-301F-11D3-BF4B-00C04F79EFBC}") = "BlazingTrails.Web", "BlazingTrails.Web\BlazingTrails.Web.csproj", "{F4FA12AF-EDCC-4470-8826-B3560EDD0004}"
EndProject
Global
	GlobalSection(SolutionConfigurationPlatforms) = preSolution
		Debug|Any CPU = Debug|Any CPU
		Release|Any CPU = Release|Any CPU
	EndGlobalSection
	GlobalSection(ProjectConfigurationPlatforms) = postSolution
		{F4FA12AF-EDCC-4470-8826-B3560EDD0004}.Debug|Any CPU.ActiveCfg = Debug|Any CPU
		{F4FA12AF-EDCC-4470-8826-B3560EDD0004}.Debug|Any CPU.Build.0 = Debug|Any CPU
		{F4FA12AF-EDCC-4470-8826-B3560EDD0004}.Release|Any CPU.ActiveCfg = Release|Any CPU
		{F4FA12AF-EDCC-4470-8826-B3560EDD0004}.Release|Any CPU.Build.0 = Release|Any CPU
	EndGlobalSection
	GlobalSection(SolutionProperties) = preSolution
		HideSolutionNode = FALSE
	EndGlobalSection
	GlobalSection(ExtensibilityGlobals) = postSolution
		SolutionGuid = {EBD85B2C-3256-4F74-A935-E117A24C18CE}
	EndGlobalSection
EndGlobal
